
Microsoft Visual Studio Solution File, Format Version 12.00
# Visual Studio Version 17
VisualStudioVersion = 17.7.34018.315
MinimumVisualStudioVersion = 10.0.40219.1
Project("{FAE04EC0-301F-11D3-BF4B-00C04F79EFBC}") = "sistemaHoteles", "sistemaHoteles.csproj", "{63A196B6-EAA8-4254-A09F-62BD2EF0087B}"
EndProject
Global
	GlobalSection(SolutionConfigurationPlatforms) = preSolution
		Debug|Any CPU = Debug|Any CPU
		Release|Any CPU = Release|Any CPU
	EndGlobalSection
	GlobalSection(ProjectConfigurationPlatforms) = postSolution
		{63A196B6-EAA8-4254-A09F-62BD2EF0087B}.Debug|Any CPU.ActiveCfg = Debug|Any CPU
		{63A196B6-EAA8-4254-A09F-62BD2EF0087B}.Debug|Any CPU.Build.0 = Debug|Any CPU
		{63A196B6-EAA8-4254-A09F-62BD2EF0087B}.Release|Any CPU.ActiveCfg = Release|Any CPU
		{63A196B6-EAA8-4254-A09F-62BD2EF0087B}.Release|Any CPU.Build.0 = Release|Any CPU
	EndGlobalSection
	GlobalSection(SolutionProperties) = preSolution
		HideSolutionNode = FALSE
	EndGlobalSection
	GlobalSection(ExtensibilityGlobals) = postSolution
		SolutionGuid = {A8C5DA91-3425-4F4D-A886-F6B8658609D9}
	EndGlobalSection
EndGlobal
